
Microsoft Visual Studio Solution File, Format Version 12.00
# Visual Studio 2013
VisualStudioVersion = 12.0.31101.0
MinimumVisualStudioVersion = 10.0.40219.1
Project("{8BC9CEB8-8B4A-11D0-8D11-00A0C91BC942}") = "secp256k1", "secp256k1\secp256k1.vcxproj", "{039E92BF-71A2-4B6D-A13D-DA7D57E590D7}"
EndProject
Project("{8BC9CEB8-8B4A-11D0-8D11-00A0C91BC942}") = "secp256k1test", "secp256k1test\secp256k1test.vcxproj", "{F24FBDAD-8654-44C9-9808-112D91514CDB}"
EndProject
Project("{8BC9CEB8-8B4A-11D0-8D11-00A0C91BC942}") = "bitcoin-consensus", "bitcoin-consensus\bitcoin-consensus.vcxproj", "{45490164-F472-4409-8F66-8C29515D661C}"
EndProject
Project("{8BC9CEB8-8B4A-11D0-8D11-00A0C91BC942}") = "bitcoind", "bitcoind\bitcoind.vcxproj", "{C10CD174-0D7B-4448-BB88-8AA8F67E4D3E}"
	ProjectSection(ProjectDependencies) = postProject
		{E2358943-ECDC-4CD5-834A-4B89C0576F5C} = {E2358943-ECDC-4CD5-834A-4B89C0576F5C}
		{4AA1AB66-6D3D-4725-9838-71FDA9F92B27} = {4AA1AB66-6D3D-4725-9838-71FDA9F92B27}
		{CCA91680-6F4E-4302-94A1-2B178629017E} = {CCA91680-6F4E-4302-94A1-2B178629017E}
		{C438F493-C1C9-4F02-A419-26DB0EC4130E} = {C438F493-C1C9-4F02-A419-26DB0EC4130E}
		{536B69B4-9087-4CAD-B4DB-8A9B88073B96} = {536B69B4-9087-4CAD-B4DB-8A9B88073B96}
		{57E253BD-498B-462B-B54D-B39603AAE178} = {57E253BD-498B-462B-B54D-B39603AAE178}
		{039E92BF-71A2-4B6D-A13D-DA7D57E590D7} = {039E92BF-71A2-4B6D-A13D-DA7D57E590D7}
	EndProjectSection
EndProject
Project("{8BC9CEB8-8B4A-11D0-8D11-00A0C91BC942}") = "bitcoin-consensus-sample", "bitcoin-consensus-sample\bitcoin-consensus-sample.vcxproj", "{43E9FB12-1DD0-4FED-B54D-68C16FB64069}"
	ProjectSection(ProjectDependencies) = postProject
		{45490164-F472-4409-8F66-8C29515D661C} = {45490164-F472-4409-8F66-8C29515D661C}
	EndProjectSection
EndProject
Project("{8BC9CEB8-8B4A-11D0-8D11-00A0C91BC942}") = "leveldb", "leveldb\leveldb.vcxproj", "{4AA1AB66-6D3D-4725-9838-71FDA9F92B27}"
EndProject
Project("{8BC9CEB8-8B4A-11D0-8D11-00A0C91BC942}") = "script-test", "script-test\script-test.vcxproj", "{33447AD3-9238-4E54-AA50-0594CACE99FA}"
EndProject
Project("{8BC9CEB8-8B4A-11D0-8D11-00A0C91BC942}") = "bitcoin-cli", "bitcoin-cli\bitcoin-cli.vcxproj", "{A6692F86-70AD-4B44-8C63-E92DEC70F52D}"
	ProjectSection(ProjectDependencies) = postProject
		{CCA91680-6F4E-4302-94A1-2B178629017E} = {CCA91680-6F4E-4302-94A1-2B178629017E}
	EndProjectSection
EndProject
Project("{8BC9CEB8-8B4A-11D0-8D11-00A0C91BC942}") = "bitcoin-test", "bitcoin-test\bitcoin-test.vcxproj", "{E2EE1557-FF30-454B-84AF-6B14AEA37F2C}"
EndProject
Project("{8BC9CEB8-8B4A-11D0-8D11-00A0C91BC942}") = "bitcoin-common", "bitcoin-common\bitcoin-common.vcxproj", "{E2358943-ECDC-4CD5-834A-4B89C0576F5C}"
EndProject
Project("{8BC9CEB8-8B4A-11D0-8D11-00A0C91BC942}") = "bitcoin-server", "bitcoin-server\bitcoin-server.vcxproj", "{C438F493-C1C9-4F02-A419-26DB0EC4130E}"
EndProject
Project("{8BC9CEB8-8B4A-11D0-8D11-00A0C91BC942}") = "bitcoin-util", "bitcoin-util\bitcoin-util.vcxproj", "{CCA91680-6F4E-4302-94A1-2B178629017E}"
EndProject
Project("{8BC9CEB8-8B4A-11D0-8D11-00A0C91BC942}") = "bitcoin-univalue", "bitcoin-univalue\bitcoin-univalue.vcxproj", "{536B69B4-9087-4CAD-B4DB-8A9B88073B96}"
EndProject
Project("{8BC9CEB8-8B4A-11D0-8D11-00A0C91BC942}") = "bitcoin-crypto", "bitcoin-crypto\bitcoin-crypto.vcxproj", "{57E253BD-498B-462B-B54D-B39603AAE178}"
EndProject
Global
	GlobalSection(SolutionConfigurationPlatforms) = preSolution
		Debug|Win32 = Debug|Win32
		Release|Win32 = Release|Win32
	EndGlobalSection
	GlobalSection(ProjectConfigurationPlatforms) = postSolution
		{039E92BF-71A2-4B6D-A13D-DA7D57E590D7}.Debug|Win32.ActiveCfg = Debug|Win32
		{039E92BF-71A2-4B6D-A13D-DA7D57E590D7}.Debug|Win32.Build.0 = Debug|Win32
		{039E92BF-71A2-4B6D-A13D-DA7D57E590D7}.Release|Win32.ActiveCfg = Release|Win32
		{039E92BF-71A2-4B6D-A13D-DA7D57E590D7}.Release|Win32.Build.0 = Release|Win32
		{F24FBDAD-8654-44C9-9808-112D91514CDB}.Debug|Win32.ActiveCfg = Debug|Win32
		{F24FBDAD-8654-44C9-9808-112D91514CDB}.Debug|Win32.Build.0 = Debug|Win32
		{F24FBDAD-8654-44C9-9808-112D91514CDB}.Release|Win32.ActiveCfg = Release|Win32
		{F24FBDAD-8654-44C9-9808-112D91514CDB}.Release|Win32.Build.0 = Release|Win32
		{45490164-F472-4409-8F66-8C29515D661C}.Debug|Win32.ActiveCfg = Debug|Win32
		{45490164-F472-4409-8F66-8C29515D661C}.Debug|Win32.Build.0 = Debug|Win32
		{45490164-F472-4409-8F66-8C29515D661C}.Release|Win32.ActiveCfg = Release|Win32
		{45490164-F472-4409-8F66-8C29515D661C}.Release|Win32.Build.0 = Release|Win32
		{C10CD174-0D7B-4448-BB88-8AA8F67E4D3E}.Debug|Win32.ActiveCfg = Debug|Win32
		{C10CD174-0D7B-4448-BB88-8AA8F67E4D3E}.Debug|Win32.Build.0 = Debug|Win32
		{C10CD174-0D7B-4448-BB88-8AA8F67E4D3E}.Release|Win32.ActiveCfg = Release|Win32
		{C10CD174-0D7B-4448-BB88-8AA8F67E4D3E}.Release|Win32.Build.0 = Release|Win32
		{43E9FB12-1DD0-4FED-B54D-68C16FB64069}.Debug|Win32.ActiveCfg = Debug|Win32
		{43E9FB12-1DD0-4FED-B54D-68C16FB64069}.Debug|Win32.Build.0 = Debug|Win32
		{43E9FB12-1DD0-4FED-B54D-68C16FB64069}.Release|Win32.ActiveCfg = Release|Win32
		{43E9FB12-1DD0-4FED-B54D-68C16FB64069}.Release|Win32.Build.0 = Release|Win32
		{4AA1AB66-6D3D-4725-9838-71FDA9F92B27}.Debug|Win32.ActiveCfg = Debug|Win32
		{4AA1AB66-6D3D-4725-9838-71FDA9F92B27}.Debug|Win32.Build.0 = Debug|Win32
		{4AA1AB66-6D3D-4725-9838-71FDA9F92B27}.Release|Win32.ActiveCfg = Release|Win32
		{4AA1AB66-6D3D-4725-9838-71FDA9F92B27}.Release|Win32.Build.0 = Release|Win32
		{33447AD3-9238-4E54-AA50-0594CACE99FA}.Debug|Win32.ActiveCfg = Debug|Win32
		{33447AD3-9238-4E54-AA50-0594CACE99FA}.Debug|Win32.Build.0 = Debug|Win32
		{33447AD3-9238-4E54-AA50-0594CACE99FA}.Release|Win32.ActiveCfg = Release|Win32
		{33447AD3-9238-4E54-AA50-0594CACE99FA}.Release|Win32.Build.0 = Release|Win32
		{A6692F86-70AD-4B44-8C63-E92DEC70F52D}.Debug|Win32.ActiveCfg = Debug|Win32
		{A6692F86-70AD-4B44-8C63-E92DEC70F52D}.Debug|Win32.Build.0 = Debug|Win32
		{A6692F86-70AD-4B44-8C63-E92DEC70F52D}.Release|Win32.ActiveCfg = Release|Win32
		{A6692F86-70AD-4B44-8C63-E92DEC70F52D}.Release|Win32.Build.0 = Release|Win32
		{E2EE1557-FF30-454B-84AF-6B14AEA37F2C}.Debug|Win32.ActiveCfg = Debug|Win32
		{E2EE1557-FF30-454B-84AF-6B14AEA37F2C}.Debug|Win32.Build.0 = Debug|Win32
		{E2EE1557-FF30-454B-84AF-6B14AEA37F2C}.Release|Win32.ActiveCfg = Release|Win32
		{E2EE1557-FF30-454B-84AF-6B14AEA37F2C}.Release|Win32.Build.0 = Release|Win32
		{E2358943-ECDC-4CD5-834A-4B89C0576F5C}.Debug|Win32.ActiveCfg = Debug|Win32
		{E2358943-ECDC-4CD5-834A-4B89C0576F5C}.Debug|Win32.Build.0 = Debug|Win32
		{E2358943-ECDC-4CD5-834A-4B89C0576F5C}.Release|Win32.ActiveCfg = Release|Win32
		{E2358943-ECDC-4CD5-834A-4B89C0576F5C}.Release|Win32.Build.0 = Release|Win32
		{C438F493-C1C9-4F02-A419-26DB0EC4130E}.Debug|Win32.ActiveCfg = Debug|Win32
		{C438F493-C1C9-4F02-A419-26DB0EC4130E}.Debug|Win32.Build.0 = Debug|Win32
		{C438F493-C1C9-4F02-A419-26DB0EC4130E}.Release|Win32.ActiveCfg = Release|Win32
		{C438F493-C1C9-4F02-A419-26DB0EC4130E}.Release|Win32.Build.0 = Release|Win32
		{CCA91680-6F4E-4302-94A1-2B178629017E}.Debug|Win32.ActiveCfg = Debug|Win32
		{CCA91680-6F4E-4302-94A1-2B178629017E}.Debug|Win32.Build.0 = Debug|Win32
		{CCA91680-6F4E-4302-94A1-2B178629017E}.Release|Win32.ActiveCfg = Release|Win32
		{CCA91680-6F4E-4302-94A1-2B178629017E}.Release|Win32.Build.0 = Release|Win32
		{536B69B4-9087-4CAD-B4DB-8A9B88073B96}.Debug|Win32.ActiveCfg = Debug|Win32
		{536B69B4-9087-4CAD-B4DB-8A9B88073B96}.Debug|Win32.Build.0 = Debug|Win32
		{536B69B4-9087-4CAD-B4DB-8A9B88073B96}.Release|Win32.ActiveCfg = Release|Win32
		{536B69B4-9087-4CAD-B4DB-8A9B88073B96}.Release|Win32.Build.0 = Release|Win32
		{57E253BD-498B-462B-B54D-B39603AAE178}.Debug|Win32.ActiveCfg = Debug|Win32
		{57E253BD-498B-462B-B54D-B39603AAE178}.Debug|Win32.Build.0 = Debug|Win32
		{57E253BD-498B-462B-B54D-B39603AAE178}.Release|Win32.ActiveCfg = Release|Win32
		{57E253BD-498B-462B-B54D-B39603AAE178}.Release|Win32.Build.0 = Release|Win32
	EndGlobalSection
	GlobalSection(SolutionProperties) = preSolution
		HideSolutionNode = FALSE
	EndGlobalSection
EndGlobal
