<?xml version="1.0" encoding="utf-8"?>
<Project ToolsVersion="4.0" xmlns="http://schemas.microsoft.com/developer/msbuild/2003">
  <ItemGroup>
    <Filter Include="Source Files">
      <UniqueIdentifier>{4FC737F1-C7A5-4376-A066-2A32D752A2FF}</UniqueIdentifier>
      <Extensions>cpp;c;cc;cxx;def;odl;idl;hpj;bat;asm;asmx</Extensions>
    </Filter>
    <Filter Include="Header Files">
      <UniqueIdentifier>{93995380-89BD-4b04-88EB-625FBE52EBFB}</UniqueIdentifier>
      <Extensions>h;hh;hpp;hxx;hm;inl;inc;xsd</Extensions>
    </Filter>
    <Filter Include="Resource Files">
      <UniqueIdentifier>{67DA6AB6-F800-4c08-8B7A-83BB121AAD01}</UniqueIdentifier>
      <Extensions>rc;ico;cur;bmp;dlg;rc2;rct;bin;rgs;gif;jpg;jpeg;jpe;resx;tiff;tif;png;wav;mfcribbon-ms</Extensions>
    </Filter>
    <Filter Include="Source Files\db">
      <UniqueIdentifier>{b918a0ef-c142-4802-91f6-dcfe622249dd}</UniqueIdentifier>
    </Filter>
    <Filter Include="Source Files\table">
      <UniqueIdentifier>{5f123fe9-98b2-4da7-a5d8-a8cbe71c370c}</UniqueIdentifier>
    </Filter>
    <Filter Include="Source Files\util">
      <UniqueIdentifier>{bc00bd31-9b28-4a2b-98e5-c74b9dff77a9}</UniqueIdentifier>
    </Filter>
    <Filter Include="Source Files\helpers">
      <UniqueIdentifier>{02b83c73-1e7b-4377-93e2-6aa7ef1367e1}</UniqueIdentifier>
    </Filter>
    <Filter Include="Source Files\port">
      <UniqueIdentifier>{62527035-8476-4f39-8810-50c23bf9ee0d}</UniqueIdentifier>
    </Filter>
  </ItemGroup>
  <ItemGroup>
    <Text Include="ReadMe.txt" />
  </ItemGroup>
  <ItemGroup>
    <ClCompile Include="..\..\src\leveldb\db\builder.cc">
      <Filter>Source Files\db</Filter>
    </ClCompile>
    <ClCompile Include="..\..\src\leveldb\db\db_impl.cc">
      <Filter>Source Files\db</Filter>
    </ClCompile>
    <ClCompile Include="..\..\src\leveldb\db\db_iter.cc">
      <Filter>Source Files\db</Filter>
    </ClCompile>
    <ClCompile Include="..\..\src\leveldb\db\dbformat.cc">
      <Filter>Source Files\db</Filter>
    </ClCompile>
    <ClCompile Include="..\..\src\leveldb\db\dumpfile.cc">
      <Filter>Source Files\db</Filter>
    </ClCompile>
    <ClCompile Include="..\..\src\leveldb\db\filename.cc">
      <Filter>Source Files\db</Filter>
    </ClCompile>
    <ClCompile Include="..\..\src\leveldb\db\log_reader.cc">
      <Filter>Source Files\db</Filter>
    </ClCompile>
    <ClCompile Include="..\..\src\leveldb\db\log_writer.cc">
      <Filter>Source Files\db</Filter>
    </ClCompile>
    <ClCompile Include="..\..\src\leveldb\db\memtable.cc">
      <Filter>Source Files\db</Filter>
    </ClCompile>
    <ClCompile Include="..\..\src\leveldb\db\repair.cc">
      <Filter>Source Files\db</Filter>
    </ClCompile>
    <ClCompile Include="..\..\src\leveldb\db\table_cache.cc">
      <Filter>Source Files\db</Filter>
    </ClCompile>
    <ClCompile Include="..\..\src\leveldb\db\version_edit.cc">
      <Filter>Source Files\db</Filter>
    </ClCompile>
    <ClCompile Include="..\..\src\leveldb\db\version_set.cc">
      <Filter>Source Files\db</Filter>
    </ClCompile>
    <ClCompile Include="..\..\src\leveldb\db\write_batch.cc">
      <Filter>Source Files\db</Filter>
    </ClCompile>
    <ClCompile Include="..\..\src\leveldb\table\block.cc">
      <Filter>Source Files\table</Filter>
    </ClCompile>
    <ClCompile Include="..\..\src\leveldb\table\block_builder.cc">
      <Filter>Source Files\table</Filter>
    </ClCompile>
    <ClCompile Include="..\..\src\leveldb\table\filter_block.cc">
      <Filter>Source Files\table</Filter>
    </ClCompile>
    <ClCompile Include="..\..\src\leveldb\table\format.cc">
      <Filter>Source Files\table</Filter>
    </ClCompile>
    <ClCompile Include="..\..\src\leveldb\table\iterator.cc">
      <Filter>Source Files\table</Filter>
    </ClCompile>
    <ClCompile Include="..\..\src\leveldb\table\merger.cc">
      <Filter>Source Files\table</Filter>
    </ClCompile>
    <ClCompile Include="..\..\src\leveldb\table\table.cc">
      <Filter>Source Files\table</Filter>
    </ClCompile>
    <ClCompile Include="..\..\src\leveldb\table\table_builder.cc">
      <Filter>Source Files\table</Filter>
    </ClCompile>
    <ClCompile Include="..\..\src\leveldb\table\two_level_iterator.cc">
      <Filter>Source Files\table</Filter>
    </ClCompile>
    <ClCompile Include="..\..\src\leveldb\util\arena.cc">
      <Filter>Source Files\util</Filter>
    </ClCompile>
    <ClCompile Include="..\..\src\leveldb\util\bloom.cc">
      <Filter>Source Files\util</Filter>
    </ClCompile>
    <ClCompile Include="..\..\src\leveldb\util\cache.cc">
      <Filter>Source Files\util</Filter>
    </ClCompile>
    <ClCompile Include="..\..\src\leveldb\util\coding.cc">
      <Filter>Source Files\util</Filter>
    </ClCompile>
    <ClCompile Include="..\..\src\leveldb\util\comparator.cc">
      <Filter>Source Files\util</Filter>
    </ClCompile>
    <ClCompile Include="..\..\src\leveldb\util\crc32c.cc">
      <Filter>Source Files\util</Filter>
    </ClCompile>
    <ClCompile Include="..\..\src\leveldb\util\env.cc">
      <Filter>Source Files\util</Filter>
    </ClCompile>
    <ClCompile Include="..\..\src\leveldb\util\env_win.cc">
      <Filter>Source Files\util</Filter>
    </ClCompile>
    <ClCompile Include="..\..\src\leveldb\util\filter_policy.cc">
      <Filter>Source Files\util</Filter>
    </ClCompile>
    <ClCompile Include="..\..\src\leveldb\util\hash.cc">
      <Filter>Source Files\util</Filter>
    </ClCompile>
    <ClCompile Include="..\..\src\leveldb\util\histogram.cc">
      <Filter>Source Files\util</Filter>
    </ClCompile>
    <ClCompile Include="..\..\src\leveldb\util\logging.cc">
      <Filter>Source Files\util</Filter>
    </ClCompile>
    <ClCompile Include="..\..\src\leveldb\util\options.cc">
      <Filter>Source Files\util</Filter>
    </ClCompile>
    <ClCompile Include="..\..\src\leveldb\util\status.cc">
      <Filter>Source Files\util</Filter>
    </ClCompile>
    <ClCompile Include="..\..\src\leveldb\helpers\memenv\memenv.cc">
      <Filter>Source Files\helpers</Filter>
    </ClCompile>
    <ClCompile Include="..\..\src\leveldb\port\port_win.cc">
      <Filter>Source Files\port</Filter>
    </ClCompile>
  </ItemGroup>
  <ItemGroup>
    <ClInclude Include="..\..\src\leveldb\db\builder.h">
      <Filter>Source Files\db</Filter>
    </ClInclude>
    <ClInclude Include="..\..\src\leveldb\db\db_impl.h">
      <Filter>Source Files\db</Filter>
    </ClInclude>
    <ClInclude Include="..\..\src\leveldb\db\db_iter.h">
      <Filter>Source Files\db</Filter>
    </ClInclude>
    <ClInclude Include="..\..\src\leveldb\db\dbformat.h">
      <Filter>Source Files\db</Filter>
    </ClInclude>
    <ClInclude Include="..\..\src\leveldb\db\filename.h">
      <Filter>Source Files\db</Filter>
    </ClInclude>
    <ClInclude Include="..\..\src\leveldb\db\log_format.h">
      <Filter>Source Files\db</Filter>
    </ClInclude>
    <ClInclude Include="..\..\src\leveldb\db\log_reader.h">
      <Filter>Source Files\db</Filter>
    </ClInclude>
    <ClInclude Include="..\..\src\leveldb\db\log_writer.h">
      <Filter>Source Files\db</Filter>
    </ClInclude>
    <ClInclude Include="..\..\src\leveldb\db\memtable.h">
      <Filter>Source Files\db</Filter>
    </ClInclude>
    <ClInclude Include="..\..\src\leveldb\db\skiplist.h">
      <Filter>Source Files\db</Filter>
    </ClInclude>
    <ClInclude Include="..\..\src\leveldb\db\snapshot.h">
      <Filter>Source Files\db</Filter>
    </ClInclude>
    <ClInclude Include="..\..\src\leveldb\db\table_cache.h">
      <Filter>Source Files\db</Filter>
    </ClInclude>
    <ClInclude Include="..\..\src\leveldb\db\version_edit.h">
      <Filter>Source Files\db</Filter>
    </ClInclude>
    <ClInclude Include="..\..\src\leveldb\db\version_set.h">
      <Filter>Source Files\db</Filter>
    </ClInclude>
    <ClInclude Include="..\..\src\leveldb\db\write_batch_internal.h">
      <Filter>Source Files\db</Filter>
    </ClInclude>
    <ClInclude Include="..\..\src\leveldb\table\block.h">
      <Filter>Source Files\table</Filter>
    </ClInclude>
    <ClInclude Include="..\..\src\leveldb\table\block_builder.h">
      <Filter>Source Files\table</Filter>
    </ClInclude>
    <ClInclude Include="..\..\src\leveldb\table\filter_block.h">
      <Filter>Source Files\table</Filter>
    </ClInclude>
    <ClInclude Include="..\..\src\leveldb\table\format.h">
      <Filter>Source Files\table</Filter>
    </ClInclude>
    <ClInclude Include="..\..\src\leveldb\table\iterator_wrapper.h">
      <Filter>Source Files\table</Filter>
    </ClInclude>
    <ClInclude Include="..\..\src\leveldb\table\merger.h">
      <Filter>Source Files\table</Filter>
    </ClInclude>
    <ClInclude Include="..\..\src\leveldb\table\two_level_iterator.h">
      <Filter>Source Files\table</Filter>
    </ClInclude>
    <ClInclude Include="..\..\src\leveldb\util\arena.h">
      <Filter>Source Files\util</Filter>
    </ClInclude>
    <ClInclude Include="..\..\src\leveldb\util\coding.h">
      <Filter>Source Files\util</Filter>
    </ClInclude>
    <ClInclude Include="..\..\src\leveldb\util\crc32c.h">
      <Filter>Source Files\util</Filter>
    </ClInclude>
    <ClInclude Include="..\..\src\leveldb\util\hash.h">
      <Filter>Source Files\util</Filter>
    </ClInclude>
    <ClInclude Include="..\..\src\leveldb\util\histogram.h">
      <Filter>Source Files\util</Filter>
    </ClInclude>
    <ClInclude Include="..\..\src\leveldb\util\logging.h">
      <Filter>Source Files\util</Filter>
    </ClInclude>
    <ClInclude Include="..\..\src\leveldb\util\mutexlock.h">
      <Filter>Source Files\util</Filter>
    </ClInclude>
    <ClInclude Include="..\..\src\leveldb\util\posix_logger.h">
      <Filter>Source Files\util</Filter>
    </ClInclude>
    <ClInclude Include="..\..\src\leveldb\util\random.h">
      <Filter>Source Files\util</Filter>
    </ClInclude>
    <ClInclude Include="..\..\src\leveldb\helpers\memenv\memenv.h">
      <Filter>Source Files\helpers</Filter>
    </ClInclude>
  </ItemGroup>
</Project>